
Microsoft Visual Studio Solution File, Format Version 12.00
# Visual Studio Version 17
VisualStudioVersion = 17.0.31903.59
MinimumVisualStudioVersion = 10.0.40219.1
Project("{2150E333-8FDC-42A3-9474-1A3956D46DE8}") = "src", "src", "{CD875931-8919-4F3E-BD32-3551188F45EE}"
EndProject
Project("{2150E333-8FDC-42A3-9474-1A3956D46DE8}") = "tests", "tests", "{56BC420A-5593-4C83-A48A-0D0128F23871}"
EndProject
Project("{9A19103F-16F7-4668-BE54-9A1E7A4F7556}") = "ASM.Api", "src\ASM.Api\ASM.Api.csproj", "{52095A02-BEE3-4919-AF09-063EE8E4A7E3}"
EndProject
Project("{9A19103F-16F7-4668-BE54-9A1E7A4F7556}") = "ASM.Application", "src\ASM.Application\ASM.Application.csproj", "{38DC5DDB-F1A0-42DA-AF7E-2AC53DFD61F6}"
EndProject
Project("{9A19103F-16F7-4668-BE54-9A1E7A4F7556}") = "ASM.UnitTests", "tests\ASM.UnitTests\ASM.UnitTests.csproj", "{5273D141-DF33-4739-8B12-8144FCE85565}"
EndProject
Project("{FAE04EC0-301F-11D3-BF4B-00C04F79EFBC}") = "ASM.IntegrationTest", "tests\ASM.IntegrationTest\ASM.IntegrationTest.csproj", "{07834AD9-E03B-4E9F-85A1-28EB08C1A75C}"
EndProject
Global
	GlobalSection(SolutionConfigurationPlatforms) = preSolution
		Debug|Any CPU = Debug|Any CPU
		Release|Any CPU = Release|Any CPU
	EndGlobalSection
	GlobalSection(ProjectConfigurationPlatforms) = postSolution
		{52095A02-BEE3-4919-AF09-063EE8E4A7E3}.Debug|Any CPU.ActiveCfg = Debug|Any CPU
		{52095A02-BEE3-4919-AF09-063EE8E4A7E3}.Debug|Any CPU.Build.0 = Debug|Any CPU
		{52095A02-BEE3-4919-AF09-063EE8E4A7E3}.Release|Any CPU.ActiveCfg = Release|Any CPU
		{52095A02-BEE3-4919-AF09-063EE8E4A7E3}.Release|Any CPU.Build.0 = Release|Any CPU
		{38DC5DDB-F1A0-42DA-AF7E-2AC53DFD61F6}.Debug|Any CPU.ActiveCfg = Debug|Any CPU
		{38DC5DDB-F1A0-42DA-AF7E-2AC53DFD61F6}.Debug|Any CPU.Build.0 = Debug|Any CPU
		{38DC5DDB-F1A0-42DA-AF7E-2AC53DFD61F6}.Release|Any CPU.ActiveCfg = Release|Any CPU
		{38DC5DDB-F1A0-42DA-AF7E-2AC53DFD61F6}.Release|Any CPU.Build.0 = Release|Any CPU
		{5273D141-DF33-4739-8B12-8144FCE85565}.Debug|Any CPU.ActiveCfg = Debug|Any CPU
		{5273D141-DF33-4739-8B12-8144FCE85565}.Debug|Any CPU.Build.0 = Debug|Any CPU
		{5273D141-DF33-4739-8B12-8144FCE85565}.Release|Any CPU.ActiveCfg = Release|Any CPU
		{5273D141-DF33-4739-8B12-8144FCE85565}.Release|Any CPU.Build.0 = Release|Any CPU
		{07834AD9-E03B-4E9F-85A1-28EB08C1A75C}.Debug|Any CPU.ActiveCfg = Debug|Any CPU
		{07834AD9-E03B-4E9F-85A1-28EB08C1A75C}.Debug|Any CPU.Build.0 = Debug|Any CPU
		{07834AD9-E03B-4E9F-85A1-28EB08C1A75C}.Release|Any CPU.ActiveCfg = Release|Any CPU
		{07834AD9-E03B-4E9F-85A1-28EB08C1A75C}.Release|Any CPU.Build.0 = Release|Any CPU
	EndGlobalSection
	GlobalSection(SolutionProperties) = preSolution
		HideSolutionNode = FALSE
	EndGlobalSection
	GlobalSection(NestedProjects) = preSolution
		{52095A02-BEE3-4919-AF09-063EE8E4A7E3} = {CD875931-8919-4F3E-BD32-3551188F45EE}
		{38DC5DDB-F1A0-42DA-AF7E-2AC53DFD61F6} = {CD875931-8919-4F3E-BD32-3551188F45EE}
		{5273D141-DF33-4739-8B12-8144FCE85565} = {56BC420A-5593-4C83-A48A-0D0128F23871}
		{07834AD9-E03B-4E9F-85A1-28EB08C1A75C} = {56BC420A-5593-4C83-A48A-0D0128F23871}
	EndGlobalSection
	GlobalSection(ExtensibilityGlobals) = postSolution
		SolutionGuid = {D9A2D575-2D7A-47F1-B57D-248AD59151F9}
	EndGlobalSection
EndGlobal
